// !$*UTF8*$!
{
	archiveVersion = 1;
	classes = {
	};
	objectVersion = 50;
	objects = {

/* Begin PBXBuildFile section */
		F8065B2E20BEA349004ADB08 /* GoogleService-Info.plist in Resources */ = {isa = PBXBuildFile; fileRef = F8065B2D20BEA349004ADB08 /* GoogleService-Info.plist */; };
		F81BCE9F20BE9A7A001E0CFA /* AppDelegate.swift in Sources */ = {isa = PBXBuildFile; fileRef = F81BCE9E20BE9A7A001E0CFA /* AppDelegate.swift */; };
		F81BCEA120BE9A7A001E0CFA /* ViewController.swift in Sources */ = {isa = PBXBuildFile; fileRef = F81BCEA020BE9A7A001E0CFA /* ViewController.swift */; };
		F81BCEA420BE9A7A001E0CFA /* Main.storyboard in Resources */ = {isa = PBXBuildFile; fileRef = F81BCEA220BE9A7A001E0CFA /* Main.storyboard */; };
		F81BCEA620BE9A7B001E0CFA /* Assets.xcassets in Resources */ = {isa = PBXBuildFile; fileRef = F81BCEA520BE9A7B001E0CFA /* Assets.xcassets */; };
		F81BCEA920BE9A7B001E0CFA /* LaunchScreen.storyboard in Resources */ = {isa = PBXBuildFile; fileRef = F81BCEA720BE9A7B001E0CFA /* LaunchScreen.storyboard */; };
		F81BCEB120BE9CD4001E0CFA /* ExampleVideoCapture.swift in Sources */ = {isa = PBXBuildFile; fileRef = F81BCEB020BE9CD4001E0CFA /* ExampleVideoCapture.swift */; };
/* End PBXBuildFile section */

/* Begin PBXFileReference section */
		F8065B2D20BEA349004ADB08 /* GoogleService-Info.plist */ = {isa = PBXFileReference; fileEncoding = 4; lastKnownFileType = text.plist.xml; name = "GoogleService-Info.plist"; path = "SmileDetector/GoogleService-Info.plist"; sourceTree = "<group>"; };
		F81BCE9B20BE9A7A001E0CFA /* SmileDetector.app */ = {isa = PBXFileReference; explicitFileType = wrapper.application; includeInIndex = 0; path = SmileDetector.app; sourceTree = BUILT_PRODUCTS_DIR; };
		F81BCE9E20BE9A7A001E0CFA /* AppDelegate.swift */ = {isa = PBXFileReference; lastKnownFileType = sourcecode.swift; path = AppDelegate.swift; sourceTree = "<group>"; };
		F81BCEA020BE9A7A001E0CFA /* ViewController.swift */ = {isa = PBXFileReference; lastKnownFileType = sourcecode.swift; path = ViewController.swift; sourceTree = "<group>"; };
		F81BCEA320BE9A7A001E0CFA /* Base */ = {isa = PBXFileReference; lastKnownFileType = file.storyboard; name = Base; path = Base.lproj/Main.storyboard; sourceTree = "<group>"; };
		F81BCEA520BE9A7B001E0CFA /* Assets.xcassets */ = {isa = PBXFileReference; lastKnownFileType = folder.assetcatalog; path = Assets.xcassets; sourceTree = "<group>"; };
		F81BCEA820BE9A7B001E0CFA /* Base */ = {isa = PBXFileReference; lastKnownFileType = file.storyboard; name = Base; path = Base.lproj/LaunchScreen.storyboard; sourceTree = "<group>"; };
		F81BCEAA20BE9A7B001E0CFA /* Info.plist */ = {isa = PBXFileReference; lastKnownFileType = text.plist.xml; path = Info.plist; sourceTree = "<group>"; };
		F81BCEB020BE9CD4001E0CFA /* ExampleVideoCapture.swift */ = {isa = PBXFileReference; lastKnownFileType = sourcecode.swift; path = ExampleVideoCapture.swift; sourceTree = "<group>"; };
/* End PBXFileReference section */

/* Begin PBXFrameworksBuildPhase section */
		F81BCE9820BE9A7A001E0CFA /* Frameworks */ = {
			isa = PBXFrameworksBuildPhase;
			buildActionMask = 2147483647;
			files = (
			);
			runOnlyForDeploymentPostprocessing = 0;
		};
/* End PBXFrameworksBuildPhase section */

/* Begin PBXGroup section */
		F81BCE9220BE9A7A001E0CFA = {
			isa = PBXGroup;
			children = (
				F8065B2D20BEA349004ADB08 /* GoogleService-Info.plist */,
				F81BCE9D20BE9A7A001E0CFA /* SmileDetector */,
				F81BCE9C20BE9A7A001E0CFA /* Products */,
			);
			sourceTree = "<group>";
		};
		F81BCE9C20BE9A7A001E0CFA /* Products */ = {
			isa = PBXGroup;
			children = (
				F81BCE9B20BE9A7A001E0CFA /* SmileDetector.app */,
			);
			name = Products;
			sourceTree = "<group>";
		};
		F81BCE9D20BE9A7A001E0CFA /* SmileDetector */ = {
			isa = PBXGroup;
			children = (
				F81BCE9E20BE9A7A001E0CFA /* AppDelegate.swift */,
				F81BCEA020BE9A7A001E0CFA /* ViewController.swift */,
				F81BCEA220BE9A7A001E0CFA /* Main.storyboard */,
				F81BCEA520BE9A7B001E0CFA /* Assets.xcassets */,
				F81BCEA720BE9A7B001E0CFA /* LaunchScreen.storyboard */,
				F81BCEAA20BE9A7B001E0CFA /* Info.plist */,
				F81BCEB020BE9CD4001E0CFA /* ExampleVideoCapture.swift */,
			);
			path = SmileDetector;
			sourceTree = "<group>";
		};
/* End PBXGroup section */

/* Begin PBXNativeTarget section */
		F81BCE9A20BE9A7A001E0CFA /* SmileDetector */ = {
			isa = PBXNativeTarget;
			buildConfigurationList = F81BCEAD20BE9A7B001E0CFA /* Build configuration list for PBXNativeTarget "SmileDetector" */;
			buildPhases = (
				F81BCE9720BE9A7A001E0CFA /* Sources */,
				F81BCE9820BE9A7A001E0CFA /* Frameworks */,
				F81BCE9920BE9A7A001E0CFA /* Resources */,
			);
			buildRules = (
			);
			dependencies = (
			);
			name = SmileDetector;
			productName = SmileDetector;
			productReference = F81BCE9B20BE9A7A001E0CFA /* SmileDetector.app */;
			productType = "com.apple.product-type.application";
		};
/* End PBXNativeTarget section */

/* Begin PBXProject section */
		F81BCE9320BE9A7A001E0CFA /* Project object */ = {
			isa = PBXProject;
			attributes = {
				LastSwiftUpdateCheck = 0930;
				LastUpgradeCheck = 0930;
				ORGANIZATIONNAME = rpc;
				TargetAttributes = {
					F81BCE9A20BE9A7A001E0CFA = {
						CreatedOnToolsVersion = 9.3.1;
					};
				};
			};
			buildConfigurationList = F81BCE9620BE9A7A001E0CFA /* Build configuration list for PBXProject "SmileDetector" */;
			compatibilityVersion = "Xcode 9.3";
			developmentRegion = en;
			hasScannedForEncodings = 0;
			knownRegions = (
				en,
				Base,
			);
			mainGroup = F81BCE9220BE9A7A001E0CFA;
			productRefGroup = F81BCE9C20BE9A7A001E0CFA /* Products */;
			projectDirPath = "";
			projectRoot = "";
			targets = (
				F81BCE9A20BE9A7A001E0CFA /* SmileDetector */,
			);
		};
/* End PBXProject section */

/* Begin PBXResourcesBuildPhase section */
		F81BCE9920BE9A7A001E0CFA /* Resources */ = {
			isa = PBXResourcesBuildPhase;
			buildActionMask = 2147483647;
			files = (
				F81BCEA920BE9A7B001E0CFA /* LaunchScreen.storyboard in Resources */,
				F8065B2E20BEA349004ADB08 /* GoogleService-Info.plist in Resources */,
				F81BCEA620BE9A7B001E0CFA /* Assets.xcassets in Resources */,
				F81BCEA420BE9A7A001E0CFA /* Main.storyboard in Resources */,
			);
			runOnlyForDeploymentPostprocessing = 0;
		};
/* End PBXResourcesBuildPhase section */

/* Begin PBXSourcesBuildPhase section */
		F81BCE9720BE9A7A001E0CFA /* Sources */ = {
			isa = PBXSourcesBuildPhase;
			buildActionMask = 2147483647;
			files = (
				F81BCEA120BE9A7A001E0CFA /* ViewController.swift in Sources */,
				F81BCEB120BE9CD4001E0CFA /* ExampleVideoCapture.swift in Sources */,
				F81BCE9F20BE9A7A001E0CFA /* AppDelegate.swift in Sources */,
			);
			runOnlyForDeploymentPostprocessing = 0;
		};
/* End PBXSourcesBuildPhase section */

/* Begin PBXVariantGroup section */
		F81BCEA220BE9A7A001E0CFA /* Main.storyboard */ = {
			isa = PBXVariantGroup;
			children = (
				F81BCEA320BE9A7A001E0CFA /* Base */,
			);
			name = Main.storyboard;
			sourceTree = "<group>";
		};
		F81BCEA720BE9A7B001E0CFA /* LaunchScreen.storyboard */ = {
			isa = PBXVariantGroup;
			children = (
				F81BCEA820BE9A7B001E0CFA /* Base */,
			);
			name = LaunchScreen.storyboard;
			sourceTree = "<group>";
		};
/* End PBXVariantGroup section */

/* Begin XCBuildConfiguration section */
		F81BCEAB20BE9A7B001E0CFA /* Debug */ = {
			isa = XCBuildConfiguration;
			buildSettings = {
				ALWAYS_SEARCH_USER_PATHS = NO;
				CLANG_ANALYZER_NONNULL = YES;
				CLANG_ANALYZER_NUMBER_OBJECT_CONVERSION = YES_AGGRESSIVE;
				CLANG_CXX_LANGUAGE_STANDARD = "gnu++14";
				CLANG_CXX_LIBRARY = "libc++";
				CLANG_ENABLE_MODULES = YES;
				CLANG_ENABLE_OBJC_ARC = YES;
				CLANG_ENABLE_OBJC_WEAK = YES;
				CLANG_WARN_BLOCK_CAPTURE_AUTORELEASING = YES;
				CLANG_WARN_BOOL_CONVERSION = YES;
				CLANG_WARN_COMMA = YES;
				CLANG_WARN_CONSTANT_CONVERSION = YES;
				CLANG_WARN_DEPRECATED_OBJC_IMPLEMENTATIONS = YES;
				CLANG_WARN_DIRECT_OBJC_ISA_USAGE = YES_ERROR;
				CLANG_WARN_DOCUMENTATION_COMMENTS = YES;
				CLANG_WARN_EMPTY_BODY = YES;
				CLANG_WARN_ENUM_CONVERSION = YES;
				CLANG_WARN_INFINITE_RECURSION = YES;
				CLANG_WARN_INT_CONVERSION = YES;
				CLANG_WARN_NON_LITERAL_NULL_CONVERSION = YES;
				CLANG_WARN_OBJC_IMPLICIT_RETAIN_SELF = YES;
				CLANG_WARN_OBJC_LITERAL_CONVERSION = YES;
				CLANG_WARN_OBJC_ROOT_CLASS = YES_ERROR;
				CLANG_WARN_RANGE_LOOP_ANALYSIS = YES;
				CLANG_WARN_STRICT_PROTOTYPES = YES;
				CLANG_WARN_SUSPICIOUS_MOVE = YES;
				CLANG_WARN_UNGUARDED_AVAILABILITY = YES_AGGRESSIVE;
				CLANG_WARN_UNREACHABLE_CODE = YES;
				CLANG_WARN__DUPLICATE_METHOD_MATCH = YES;
				CODE_SIGN_IDENTITY = "iPhone Developer";
				COPY_PHASE_STRIP = NO;
				DEBUG_INFORMATION_FORMAT = dwarf;
				ENABLE_STRICT_OBJC_MSGSEND = YES;
				ENABLE_TESTABILITY = YES;
				GCC_C_LANGUAGE_STANDARD = gnu11;
				GCC_DYNAMIC_NO_PIC = NO;
				GCC_NO_COMMON_BLOCKS = YES;
				GCC_OPTIMIZATION_LEVEL = 0;
				GCC_PREPROCESSOR_DEFINITIONS = (
					"DEBUG=1",
					"$(inherited)",
				);
				GCC_WARN_64_TO_32_BIT_CONVERSION = YES;
				GCC_WARN_ABOUT_RETURN_TYPE = YES_ERROR;
				GCC_WARN_UNDECLARED_SELECTOR = YES;
				GCC_WARN_UNINITIALIZED_AUTOS = YES_AGGRESSIVE;
				GCC_WARN_UNUSED_FUNCTION = YES;
				GCC_WARN_UNUSED_VARIABLE = YES;
				IPHONEOS_DEPLOYMENT_TARGET = 11.3;
				MTL_ENABLE_DEBUG_INFO = YES;
				ONLY_ACTIVE_ARCH = YES;
				SDKROOT = iphoneos;
				SWIFT_ACTIVE_COMPILATION_CONDITIONS = DEBUG;
				SWIFT_OPTIMIZATION_LEVEL = "-Onone";
			};
			name = Debug;
		};
		F81BCEAC20BE9A7B001E0CFA /* Release */ = {
			isa = XCBuildConfiguration;
			buildSettings = {
				ALWAYS_SEARCH_USER_PATHS = NO;
				CLANG_ANALYZER_NONNULL = YES;
				CLANG_ANALYZER_NUMBER_OBJECT_CONVERSION = YES_AGGRESSIVE;
				CLANG_CXX_LANGUAGE_STANDARD = "gnu++14";
				CLANG_CXX_LIBRARY = "libc++";
				CLANG_ENABLE_MODULES = YES;
				CLANG_ENABLE_OBJC_ARC = YES;
				CLANG_ENABLE_OBJC_WEAK = YES;
				CLANG_WARN_BLOCK_CAPTURE_AUTORELEASING = YES;
				CLANG_WARN_BOOL_CONVERSION = YES;
				CLANG_WARN_COMMA = YES;
				CLANG_WARN_CONSTANT_CONVERSION = YES;
				CLANG_WARN_DEPRECATED_OBJC_IMPLEMENTATIONS = YES;
				CLANG_WARN_DIRECT_OBJC_ISA_USAGE = YES_ERROR;
				CLANG_WARN_DOCUMENTATION_COMMENTS = YES;
				CLANG_WARN_EMPTY_BODY = YES;
				CLANG_WARN_ENUM_CONVERSION = YES;
				CLANG_WARN_INFINITE_RECURSION = YES;
				CLANG_WARN_INT_CONVERSION = YES;
				CLANG_WARN_NON_LITERAL_NULL_CONVERSION = YES;
				CLANG_WARN_OBJC_IMPLICIT_RETAIN_SELF = YES;
				CLANG_WARN_OBJC_LITERAL_CONVERSION = YES;
				CLANG_WARN_OBJC_ROOT_CLASS = YES_ERROR;
				CLANG_WARN_RANGE_LOOP_ANALYSIS = YES;
				CLANG_WARN_STRICT_PROTOTYPES = YES;
				CLANG_WARN_SUSPICIOUS_MOVE = YES;
				CLANG_WARN_UNGUARDED_AVAILABILITY = YES_AGGRESSIVE;
				CLANG_WARN_UNREACHABLE_CODE = YES;
				CLANG_WARN__DUPLICATE_METHOD_MATCH = YES;
				CODE_SIGN_IDENTITY = "iPhone Developer";
				COPY_PHASE_STRIP = NO;
				DEBUG_INFORMATION_FORMAT = "dwarf-with-dsym";
				ENABLE_NS_ASSERTIONS = NO;
				ENABLE_STRICT_OBJC_MSGSEND = YES;
				GCC_C_LANGUAGE_STANDARD = gnu11;
				GCC_NO_COMMON_BLOCKS = YES;
				GCC_WARN_64_TO_32_BIT_CONVERSION = YES;
				GCC_WARN_ABOUT_RETURN_TYPE = YES_ERROR;
				GCC_WARN_UNDECLARED_SELECTOR = YES;
				GCC_WARN_UNINITIALIZED_AUTOS = YES_AGGRESSIVE;
				GCC_WARN_UNUSED_FUNCTION = YES;
				GCC_WARN_UNUSED_VARIABLE = YES;
				IPHONEOS_DEPLOYMENT_TARGET = 11.3;
				MTL_ENABLE_DEBUG_INFO = NO;
				SDKROOT = iphoneos;
				SWIFT_COMPILATION_MODE = wholemodule;
				SWIFT_OPTIMIZATION_LEVEL = "-O";
				VALIDATE_PRODUCT = YES;
			};
			name = Release;
		};
		F81BCEAE20BE9A7B001E0CFA /* Debug */ = {
			isa = XCBuildConfiguration;
			buildSettings = {
				ASSETCATALOG_COMPILER_APPICON_NAME = AppIcon;
				CODE_SIGN_STYLE = Manual;
				DEVELOPMENT_TEAM = MGD69Q275W;
				INFOPLIST_FILE = SmileDetector/Info.plist;
				LD_RUNPATH_SEARCH_PATHS = "$(inherited) @executable_path/Frameworks";
				PRODUCT_BUNDLE_IDENTIFIER = com.rpc.SmileDetector;
				PRODUCT_NAME = "$(TARGET_NAME)";
				SWIFT_VERSION = 4.0;
				TARGETED_DEVICE_FAMILY = "1,2";
			};
			name = Debug;
		};
		F81BCEAF20BE9A7B001E0CFA /* Release */ = {
			isa = XCBuildConfiguration;
			buildSettings = {
				ASSETCATALOG_COMPILER_APPICON_NAME = AppIcon;
				CODE_SIGN_STYLE = Manual;
				DEVELOPMENT_TEAM = "";
				INFOPLIST_FILE = SmileDetector/Info.plist;
				LD_RUNPATH_SEARCH_PATHS = "$(inherited) @executable_path/Frameworks";
				PRODUCT_BUNDLE_IDENTIFIER = com.rpc.SmileDetector;
				PRODUCT_NAME = "$(TARGET_NAME)";
				PROVISIONING_PROFILE_SPECIFIER = "";
				SWIFT_VERSION = 4.0;
				TARGETED_DEVICE_FAMILY = "1,2";
			};
			name = Release;
		};
/* End XCBuildConfiguration section */

/* Begin XCConfigurationList section */
		F81BCE9620BE9A7A001E0CFA /* Build configuration list for PBXProject "SmileDetector" */ = {
			isa = XCConfigurationList;
			buildConfigurations = (
				F81BCEAB20BE9A7B001E0CFA /* Debug */,
				F81BCEAC20BE9A7B001E0CFA /* Release */,
			);
			defaultConfigurationIsVisible = 0;
			defaultConfigurationName = Release;
		};
		F81BCEAD20BE9A7B001E0CFA /* Build configuration list for PBXNativeTarget "SmileDetector" */ = {
			isa = XCConfigurationList;
			buildConfigurations = (
				F81BCEAE20BE9A7B001E0CFA /* Debug */,
				F81BCEAF20BE9A7B001E0CFA /* Release */,
			);
			defaultConfigurationIsVisible = 0;
			defaultConfigurationName = Release;
		};
/* End XCConfigurationList section */
	};
	rootObject = F81BCE9320BE9A7A001E0CFA /* Project object */;
}
