PODS:
  - Firebase/Core (5.1.0):
    - Firebase/CoreOnly
    - FirebaseAnalytics (= 5.0.1)
  - Firebase/CoreOnly (5.1.0):
    - FirebaseCore (= 5.0.2)
  - Firebase/MLVision (5.1.0):
    - Firebase/CoreOnly
    - FirebaseMLVision (= 0.9.0)
  - Firebase/MLVisionFaceModel (5.1.0):
    - Firebase/CoreOnly
    - FirebaseMLVisionFaceModel (= 0.9.0)
  - FirebaseAnalytics (5.0.1):
    - FirebaseCore (~> 5.0)
    - FirebaseInstanceID (~> 3.0)
    - GoogleToolboxForMac/NSData+zlib (~> 2.1)
    - nanopb (~> 0.3)
  - FirebaseCore (5.0.2):
    - GoogleToolboxForMac/NSData+zlib (~> 2.1)
  - FirebaseInstanceID (3.0.0):
    - FirebaseCore (~> 5.0)
  - FirebaseMLCommon (0.9.0)
  - FirebaseMLVision (0.9.0):
    - FirebaseCore (~> 5.0)
    - FirebaseMLCommon (~> 0.9)
    - GoogleAPIClientForREST/Core (~> 1.3)
    - GoogleAPIClientForREST/Vision (~> 1.3)
    - GoogleMobileVision/Detector (~> 1.3.0)
  - FirebaseMLVisionFaceModel (0.9.0):
    - GoogleMobileVision/FaceDetector (~> 1.3.0)
  - GoogleAPIClientForREST/Core (1.3.4):
    - GTMSessionFetcher (>= 1.1.7)
  - GoogleAPIClientForREST/Vision (1.3.4):
    - GoogleAPIClientForREST/Core
    - GTMSessionFetcher (>= 1.1.7)
  - GoogleMobileVision/Detector (1.3.1):
    - GoogleToolboxForMac/Logger (~> 2.1)
    - GoogleToolboxForMac/NSData+zlib (~> 2.1)
    - GTMSessionFetcher/Core (~> 1.1)
    - Protobuf (~> 3.1)
  - GoogleMobileVision/FaceDetector (1.3.1):
    - GoogleMobileVision/Detector (~> 1.3)
  - GoogleToolboxForMac/Defines (2.1.4)
  - GoogleToolboxForMac/Logger (2.1.4):
    - GoogleToolboxForMac/Defines (= 2.1.4)
  - GoogleToolboxForMac/NSData+zlib (2.1.4):
    - GoogleToolboxForMac/Defines (= 2.1.4)
  - GTMSessionFetcher (1.1.15):
    - GTMSessionFetcher/Full (= 1.1.15)
  - GTMSessionFetcher/Core (1.1.15)
  - GTMSessionFetcher/Full (1.1.15):
    - GTMSessionFetcher/Core (= 1.1.15)
  - nanopb (0.3.8):
    - nanopb/decode (= 0.3.8)
    - nanopb/encode (= 0.3.8)
  - nanopb/decode (0.3.8)
  - nanopb/encode (0.3.8)
  - OpenTok (2.14.0)
  - Protobuf (3.5.0)

DEPENDENCIES:
  - Firebase/Core
  - Firebase/MLVision
  - Firebase/MLVisionFaceModel
  - OpenTok

SPEC CHECKSUMS:
  Firebase: e08fb0795f35707aeb1d8a715c731c45bdf6fd56
  FirebaseAnalytics: b3628aea54c50464c32c393fb2ea032566e7ecc2
  FirebaseCore: b81044df1044c0857a0737c6324678b72d4f7f00
  FirebaseInstanceID: 83e0040351565df711a5db3d8ebe5ea21aca998a
  FirebaseMLCommon: 73a2f53c8b3e6cd18e73dd1be095c3192af26a5e
  FirebaseMLVision: f9756d8376dd150fb17629eaa7bdc6baa8965677
  FirebaseMLVisionFaceModel: 0b451ba1d40674dfc4a334ebd40f5f837fe283a1
  GoogleAPIClientForREST: f7951c455df271bc6259b3ddb4073d0026475ccf
  GoogleMobileVision: bc3b831753f7763329aa2a209753dcb5f2c15389
  GoogleToolboxForMac: 91c824d21e85b31c2aae9bb011c5027c9b4e738f
  GTMSessionFetcher: 5fa5b80fd20e439ef5f545fb2cb3ca6c6714caa2
  nanopb: 5601e6bca2dbf1ed831b519092ec110f66982ca3
  OpenTok: f4c0f42fd2e4e4d2682b12dcb94313aa88558e14
  Protobuf: 8a9838fba8dae3389230e1b7f8c104aa32389c03

PODFILE CHECKSUM: 24f7dc4b7c7de8134c961e26eb08c68bbf82c252

COCOAPODS: 1.4.0
